bitbucket.org/bigwhite/c v1.3.0 h1:crNI04Bw6lm1yyRjJ+8lJX+3amsxeU72mVQ41kjnESA=
bitbucket.org/bigwhite/c v1.3.0/go.mod h1:6p3lkm60SJ7QP5a4oJyLUxbDJeT+w5x5CShTrekjc7o=
bitbucket.org/bigwhite/d v1.2.0 h1:QQawlmsVZWwIsr0ockPCSJjN1QoKd4W0KEJrINdIzY0=
bitbucket.org/bigwhite/d v1.2.0/go.mod h1:6XJNbysZ+/91fhY6/3TKkMNdV/c0pgaubTQWMigKnlY=
